
Microsoft Visual Studio Solution File, Format Version 12.00
Project("{FAE04EC0-301F-11D3-BF4B-00C04F79EFBC}") = "WebStone.Khiputech.platform", "WebStone.Khiputech.platform\WebStone.Khiputech.platform.csproj", "{883F22C2-7542-435B-85B1-D7EC8E3D0B5A}"
EndProject
Global
	GlobalSection(SolutionConfigurationPlatforms) = preSolution
		Debug|Any CPU = Debug|Any CPU
		Release|Any CPU = Release|Any CPU
	EndGlobalSection
	GlobalSection(ProjectConfigurationPlatforms) = postSolution
		{883F22C2-7542-435B-85B1-D7EC8E3D0B5A}.Debug|Any CPU.ActiveCfg = Debug|Any CPU
		{883F22C2-7542-435B-85B1-D7EC8E3D0B5A}.Debug|Any CPU.Build.0 = Debug|Any CPU
		{883F22C2-7542-435B-85B1-D7EC8E3D0B5A}.Release|Any CPU.ActiveCfg = Release|Any CPU
		{883F22C2-7542-435B-85B1-D7EC8E3D0B5A}.Release|Any CPU.Build.0 = Release|Any CPU
	EndGlobalSection
EndGlobal
